
Microsoft Visual Studio Solution File, Format Version 12.00
# Visual Studio Version 17
VisualStudioVersion = 17.1.32421.90
MinimumVisualStudioVersion = 10.0.40219.1
Project("{FAE04EC0-301F-11D3-BF4B-00C04F79EFBC}") = "pryProyecto2LAB3", "pryProyecto2LAB3\pryProyecto2LAB3.csproj", "{A2D352AD-34C4-49B7-A18C-0090C36C463F}"
EndProject
Global
	GlobalSection(SolutionConfigurationPlatforms) = preSolution
		Debug|Any CPU = Debug|Any CPU
		Release|Any CPU = Release|Any CPU
	EndGlobalSection
	GlobalSection(ProjectConfigurationPlatforms) = postSolution
		{A2D352AD-34C4-49B7-A18C-0090C36C463F}.Debug|Any CPU.ActiveCfg = Debug|Any CPU
		{A2D352AD-34C4-49B7-A18C-0090C36C463F}.Debug|Any CPU.Build.0 = Debug|Any CPU
		{A2D352AD-34C4-49B7-A18C-0090C36C463F}.Release|Any CPU.ActiveCfg = Release|Any CPU
		{A2D352AD-34C4-49B7-A18C-0090C36C463F}.Release|Any CPU.Build.0 = Release|Any CPU
	EndGlobalSection
	GlobalSection(SolutionProperties) = preSolution
		HideSolutionNode = FALSE
	EndGlobalSection
	GlobalSection(ExtensibilityGlobals) = postSolution
		SolutionGuid = {07B2DF4A-C69D-4375-9620-4B880C574B5D}
	EndGlobalSection
EndGlobal
