
Microsoft Visual Studio Solution File, Format Version 12.00
# Visual Studio Version 17
VisualStudioVersion = 17.1.32421.90
MinimumVisualStudioVersion = 10.0.40219.1
Project("{FAE04EC0-301F-11D3-BF4B-00C04F79EFBC}") = "pryGestorTareas", "pryGestorTareas\pryGestorTareas.csproj", "{C8A37F43-3982-48D6-B058-F0C467E165DB}"
EndProject
Global
	GlobalSection(SolutionConfigurationPlatforms) = preSolution
		Debug|Any CPU = Debug|Any CPU
		Release|Any CPU = Release|Any CPU
	EndGlobalSection
	GlobalSection(ProjectConfigurationPlatforms) = postSolution
		{C8A37F43-3982-48D6-B058-F0C467E165DB}.Debug|Any CPU.ActiveCfg = Debug|Any CPU
		{C8A37F43-3982-48D6-B058-F0C467E165DB}.Debug|Any CPU.Build.0 = Debug|Any CPU
		{C8A37F43-3982-48D6-B058-F0C467E165DB}.Release|Any CPU.ActiveCfg = Release|Any CPU
		{C8A37F43-3982-48D6-B058-F0C467E165DB}.Release|Any CPU.Build.0 = Release|Any CPU
	EndGlobalSection
	GlobalSection(SolutionProperties) = preSolution
		HideSolutionNode = FALSE
	EndGlobalSection
	GlobalSection(ExtensibilityGlobals) = postSolution
		SolutionGuid = {36B4319C-3F9B-45F2-88CF-F9C3005B40BC}
	EndGlobalSection
EndGlobal
